# THIS IS AN AUTOGENERATED FILE. DO NOT EDIT THIS FILE DIRECTLY.
# yarn lockfile v1


moment@^2.22.2:
  version "2.22.2"
  resolved "https://registry.yarnpkg.com/moment/-/moment-2.22.2.tgz#3c257f9839fc0e93ff53149632239eb90783ff66"

redux-persist@^5.10.0:
  version "5.10.0"
  resolved "https://registry.yarnpkg.com/redux-persist/-/redux-persist-5.10.0.tgz#5d8d802c5571e55924efc1c3a9b23575283be62b"
